// !$*UTF8*$!
{
	archiveVersion = 1;
	classes = {
	};
	objectVersion = 60;
	objects = {

/* Begin PBXBuildFile section */
		6908049328FA5581004F305E /* ChannelsSidebar.swift in Sources */ = {isa = PBXBuildFile; fileRef = 6908049228FA5581004F305E /* ChannelsSidebar.swift */; };
		6908049428FA5581004F305E /* ChannelsSidebar.swift in Sources */ = {isa = PBXBuildFile; fileRef = 6908049228FA5581004F305E /* ChannelsSidebar.swift */; };
		6908049628FA725A004F305E /* Colors.xcassets in Resources */ = {isa = PBXBuildFile; fileRef = 6908049528FA725A004F305E /* Colors.xcassets */; };
		6908049728FA725A004F305E /* Colors.xcassets in Resources */ = {isa = PBXBuildFile; fileRef = 6908049528FA725A004F305E /* Colors.xcassets */; };
		6908049928FA7738004F305E /* Color.swift in Sources */ = {isa = PBXBuildFile; fileRef = 6908049828FA7738004F305E /* Color.swift */; };
		6908049A28FA7738004F305E /* Color.swift in Sources */ = {isa = PBXBuildFile; fileRef = 6908049828FA7738004F305E /* Color.swift */; };
		69245DDB28FFE38C00D7D87D /* WindowGroupContentView.swift in Sources */ = {isa = PBXBuildFile; fileRef = 69245DDA28FFE38C00D7D87D /* WindowGroupContentView.swift */; };
		69245DDC28FFE38C00D7D87D /* WindowGroupContentView.swift in Sources */ = {isa = PBXBuildFile; fileRef = 69245DDA28FFE38C00D7D87D /* WindowGroupContentView.swift */; };
		695355BF29D16A8E00FE65B7 /* StreamView.swift in Sources */ = {isa = PBXBuildFile; fileRef = 695355BE29D16A8E00FE65B7 /* StreamView.swift */; };
		695355C029D16A8E00FE65B7 /* StreamView.swift in Sources */ = {isa = PBXBuildFile; fileRef = 695355BE29D16A8E00FE65B7 /* StreamView.swift */; };
		6953894D2942FB5D00DC03E7 /* SizeReader.swift in Sources */ = {isa = PBXBuildFile; fileRef = 6953894C2942FB5D00DC03E7 /* SizeReader.swift */; };
		6953894E2942FB5D00DC03E7 /* SizeReader.swift in Sources */ = {isa = PBXBuildFile; fileRef = 6953894C2942FB5D00DC03E7 /* SizeReader.swift */; };
		695CAF11294050C7003B0B76 /* URLImage in Frameworks */ = {isa = PBXBuildFile; productRef = 695CAF10294050C7003B0B76 /* URLImage */; };
		695CAF13294050C7003B0B76 /* URLImageStore in Frameworks */ = {isa = PBXBuildFile; productRef = 695CAF12294050C7003B0B76 /* URLImageStore */; };
		695CAF15294051A8003B0B76 /* URLImage in Frameworks */ = {isa = PBXBuildFile; productRef = 695CAF14294051A8003B0B76 /* URLImage */; };
		695CAF17294051A8003B0B76 /* URLImageStore in Frameworks */ = {isa = PBXBuildFile; productRef = 695CAF16294051A8003B0B76 /* URLImageStore */; };
		6963320728FD27F600059FCF /* ChannelSection.swift in Sources */ = {isa = PBXBuildFile; fileRef = 6963320628FD27F600059FCF /* ChannelSection.swift */; };
		6963320828FD27F600059FCF /* ChannelSection.swift in Sources */ = {isa = PBXBuildFile; fileRef = 6963320628FD27F600059FCF /* ChannelSection.swift */; };
		6963320A28FD282B00059FCF /* ChannelListItem.swift in Sources */ = {isa = PBXBuildFile; fileRef = 6963320928FD282B00059FCF /* ChannelListItem.swift */; };
		6963320B28FD282B00059FCF /* ChannelListItem.swift in Sources */ = {isa = PBXBuildFile; fileRef = 6963320928FD282B00059FCF /* ChannelListItem.swift */; };
		6963320D28FE25FD00059FCF /* Clock.swift in Sources */ = {isa = PBXBuildFile; fileRef = 6963320C28FE25FD00059FCF /* Clock.swift */; };
		6963320E28FE25FD00059FCF /* Clock.swift in Sources */ = {isa = PBXBuildFile; fileRef = 6963320C28FE25FD00059FCF /* Clock.swift */; };
		6975935428F7433B00940DA3 /* StreamPlayer.swift in Sources */ = {isa = PBXBuildFile; fileRef = 6975935328F7433B00940DA3 /* StreamPlayer.swift */; };
		6975935528F7433B00940DA3 /* StreamPlayer.swift in Sources */ = {isa = PBXBuildFile; fileRef = 6975935328F7433B00940DA3 /* StreamPlayer.swift */; };
		6975935728F7437B00940DA3 /* StreamPlayerView.swift in Sources */ = {isa = PBXBuildFile; fileRef = 6975935628F7437B00940DA3 /* StreamPlayerView.swift */; };
		6975935828F7437B00940DA3 /* StreamPlayerView.swift in Sources */ = {isa = PBXBuildFile; fileRef = 6975935628F7437B00940DA3 /* StreamPlayerView.swift */; };
		6975935D28F75F4A00940DA3 /* FavoriteChannel.swift in Sources */ = {isa = PBXBuildFile; fileRef = 6975935C28F75F4A00940DA3 /* FavoriteChannel.swift */; };
		6975935E28F75F4A00940DA3 /* FavoriteChannel.swift in Sources */ = {isa = PBXBuildFile; fileRef = 6975935C28F75F4A00940DA3 /* FavoriteChannel.swift */; };
		69936BC628FA800F005556AC /* streams.json in Resources */ = {isa = PBXBuildFile; fileRef = 69936BC528FA800F005556AC /* streams.json */; };
		69936BC728FA800F005556AC /* streams.json in Resources */ = {isa = PBXBuildFile; fileRef = 69936BC528FA800F005556AC /* streams.json */; };
		69936BC928FA8020005556AC /* channels.json in Resources */ = {isa = PBXBuildFile; fileRef = 69936BC828FA8020005556AC /* channels.json */; };
		69936BCA28FA8020005556AC /* channels.json in Resources */ = {isa = PBXBuildFile; fileRef = 69936BC828FA8020005556AC /* channels.json */; };
		69936BCC28FA802C005556AC /* user.json in Resources */ = {isa = PBXBuildFile; fileRef = 69936BCB28FA802C005556AC /* user.json */; };
		69936BCD28FA802C005556AC /* user.json in Resources */ = {isa = PBXBuildFile; fileRef = 69936BCB28FA802C005556AC /* user.json */; };
		69936BD528FB5B21005556AC /* Helpers.swift in Sources */ = {isa = PBXBuildFile; fileRef = 69936BD428FB5B21005556AC /* Helpers.swift */; };
		69936BD628FB5B21005556AC /* Helpers.swift in Sources */ = {isa = PBXBuildFile; fileRef = 69936BD428FB5B21005556AC /* Helpers.swift */; };
		69936BE228FB6C57005556AC /* StreamsView.swift in Sources */ = {isa = PBXBuildFile; fileRef = 69936BE128FB6C57005556AC /* StreamsView.swift */; };
		69936BE328FB6C57005556AC /* StreamsView.swift in Sources */ = {isa = PBXBuildFile; fileRef = 69936BE128FB6C57005556AC /* StreamsView.swift */; };
		69936BE628FB6E35005556AC /* ChannelList.swift in Sources */ = {isa = PBXBuildFile; fileRef = 69936BE528FB6E35005556AC /* ChannelList.swift */; };
		69936BE728FB6E35005556AC /* ChannelList.swift in Sources */ = {isa = PBXBuildFile; fileRef = 69936BE528FB6E35005556AC /* ChannelList.swift */; };
		69936BE928FB85DE005556AC /* ChannelSearchResultsList.swift in Sources */ = {isa = PBXBuildFile; fileRef = 69936BE828FB85DE005556AC /* ChannelSearchResultsList.swift */; };
		69936BEA28FB85DE005556AC /* ChannelSearchResultsList.swift in Sources */ = {isa = PBXBuildFile; fileRef = 69936BE828FB85DE005556AC /* ChannelSearchResultsList.swift */; };
		699C889D28F91351009B31F2 /* Assets-Dev.xcassets in Resources */ = {isa = PBXBuildFile; fileRef = 699C889C28F91351009B31F2 /* Assets-Dev.xcassets */; };
		69B7FDE3293ED26600B310D9 /* DataController.swift in Sources */ = {isa = PBXBuildFile; fileRef = 69B7FDE2293ED26600B310D9 /* DataController.swift */; };
		69B7FDE4293ED26600B310D9 /* DataController.swift in Sources */ = {isa = PBXBuildFile; fileRef = 69B7FDE2293ED26600B310D9 /* DataController.swift */; };
		69E61F0628F53D0400EF200B /* StreamDexApp.swift in Sources */ = {isa = PBXBuildFile; fileRef = 69E61F0528F53D0400EF200B /* StreamDexApp.swift */; };
		69E61F0828F53D0400EF200B /* ContentView.swift in Sources */ = {isa = PBXBuildFile; fileRef = 69E61F0728F53D0400EF200B /* ContentView.swift */; };
		69E61F0A28F53D0500EF200B /* Assets.xcassets in Resources */ = {isa = PBXBuildFile; fileRef = 69E61F0928F53D0500EF200B /* Assets.xcassets */; };
		69E61F0D28F53D0500EF200B /* Preview Assets.xcassets in Resources */ = {isa = PBXBuildFile; fileRef = 69E61F0C28F53D0500EF200B /* Preview Assets.xcassets */; };
		69E61F1828F53D0500EF200B /* StreamDexTests.swift in Sources */ = {isa = PBXBuildFile; fileRef = 69E61F1728F53D0500EF200B /* StreamDexTests.swift */; };
		69E61F2228F53D0500EF200B /* StreamDexUITests.swift in Sources */ = {isa = PBXBuildFile; fileRef = 69E61F2128F53D0500EF200B /* StreamDexUITests.swift */; };
		69E61F2428F53D0500EF200B /* StreamDexUITestsLaunchTests.swift in Sources */ = {isa = PBXBuildFile; fileRef = 69E61F2328F53D0500EF200B /* StreamDexUITestsLaunchTests.swift */; };
		69E61F3C28F542DB00EF200B /* AppState.swift in Sources */ = {isa = PBXBuildFile; fileRef = 69E61F3B28F542DB00EF200B /* AppState.swift */; };
		69E61F4528F5E2B100EF200B /* ContentView.swift in Sources */ = {isa = PBXBuildFile; fileRef = 69E61F0728F53D0400EF200B /* ContentView.swift */; };
		69E61F4628F5E2B100EF200B /* AppState.swift in Sources */ = {isa = PBXBuildFile; fileRef = 69E61F3B28F542DB00EF200B /* AppState.swift */; };
		69E61F4928F5E2B100EF200B /* StreamDexApp.swift in Sources */ = {isa = PBXBuildFile; fileRef = 69E61F0528F53D0400EF200B /* StreamDexApp.swift */; };
		69E61F4F28F5E2B100EF200B /* Preview Assets.xcassets in Resources */ = {isa = PBXBuildFile; fileRef = 69E61F0C28F53D0500EF200B /* Preview Assets.xcassets */; };
		69E61F5628F6052B00EF200B /* MenuBarContentView.swift in Sources */ = {isa = PBXBuildFile; fileRef = 69E61F5528F6052B00EF200B /* MenuBarContentView.swift */; };
		69E61F5728F6062C00EF200B /* MenuBarContentView.swift in Sources */ = {isa = PBXBuildFile; fileRef = 69E61F5528F6052B00EF200B /* MenuBarContentView.swift */; };
		DA2BC0DE2C474C8100B6E30C /* SharedModule in Frameworks */ = {isa = PBXBuildFile; productRef = DA2BC0DD2C474C8100B6E30C /* SharedModule */; };
		DA2BC0E12C474D5B00B6E30C /* YouTubePlugin in Frameworks */ = {isa = PBXBuildFile; productRef = DA2BC0E02C474D5B00B6E30C /* YouTubePlugin */; };
		DA2BC0E42C474D8000B6E30C /* TwitchPlugin in Frameworks */ = {isa = PBXBuildFile; productRef = DA2BC0E32C474D8000B6E30C /* TwitchPlugin */; };
		DA2BC0F22C4A082600B6E30C /* PluginsController.swift in Sources */ = {isa = PBXBuildFile; fileRef = DA2BC0F12C4A082600B6E30C /* PluginsController.swift */; };
		DA2BC0F32C4A082600B6E30C /* PluginsController.swift in Sources */ = {isa = PBXBuildFile; fileRef = DA2BC0F12C4A082600B6E30C /* PluginsController.swift */; };
		DA2BC0FE2C4A2D5500B6E30C /* StreamPlayer.swift in Sources */ = {isa = PBXBuildFile; fileRef = 6975935328F7433B00940DA3 /* StreamPlayer.swift */; };
		DA2BC0FF2C4A2D5500B6E30C /* ContentView.swift in Sources */ = {isa = PBXBuildFile; fileRef = 69E61F0728F53D0400EF200B /* ContentView.swift */; };
		DA2BC1002C4A2D5500B6E30C /* Helpers.swift in Sources */ = {isa = PBXBuildFile; fileRef = 69936BD428FB5B21005556AC /* Helpers.swift */; };
		DA2BC1012C4A2D5500B6E30C /* AppState.swift in Sources */ = {isa = PBXBuildFile; fileRef = 69E61F3B28F542DB00EF200B /* AppState.swift */; };
		DA2BC1022C4A2D5500B6E30C /* StreamsView.swift in Sources */ = {isa = PBXBuildFile; fileRef = 69936BE128FB6C57005556AC /* StreamsView.swift */; };
		DA2BC1032C4A2D5500B6E30C /* Color.swift in Sources */ = {isa = PBXBuildFile; fileRef = 6908049828FA7738004F305E /* Color.swift */; };
		DA2BC1042C4A2D5500B6E30C /* ChannelSection.swift in Sources */ = {isa = PBXBuildFile; fileRef = 6963320628FD27F600059FCF /* ChannelSection.swift */; };
		DA2BC1052C4A2D5500B6E30C /* StreamDexApp.swift in Sources */ = {isa = PBXBuildFile; fileRef = 69E61F0528F53D0400EF200B /* StreamDexApp.swift */; };
		DA2BC1062C4A2D5500B6E30C /* Clock.swift in Sources */ = {isa = PBXBuildFile; fileRef = 6963320C28FE25FD00059FCF /* Clock.swift */; };
		DA2BC1072C4A2D5500B6E30C /* ChannelsSidebar.swift in Sources */ = {isa = PBXBuildFile; fileRef = 6908049228FA5581004F305E /* ChannelsSidebar.swift */; };
		DA2BC1082C4A2D5500B6E30C /* WindowGroupContentView.swift in Sources */ = {isa = PBXBuildFile; fileRef = 69245DDA28FFE38C00D7D87D /* WindowGroupContentView.swift */; };
		DA2BC10A2C4A2D5500B6E30C /* ChannelListItem.swift in Sources */ = {isa = PBXBuildFile; fileRef = 6963320928FD282B00059FCF /* ChannelListItem.swift */; };
		DA2BC10B2C4A2D5500B6E30C /* StreamPlayerView.swift in Sources */ = {isa = PBXBuildFile; fileRef = 6975935628F7437B00940DA3 /* StreamPlayerView.swift */; };
		DA2BC10D2C4A2D5500B6E30C /* MenuBarContentView.swift in Sources */ = {isa = PBXBuildFile; fileRef = 69E61F5528F6052B00EF200B /* MenuBarContentView.swift */; };
		DA2BC10E2C4A2D5500B6E30C /* PluginsController.swift in Sources */ = {isa = PBXBuildFile; fileRef = DA2BC0F12C4A082600B6E30C /* PluginsController.swift */; };
		DA2BC10F2C4A2D5500B6E30C /* SizeReader.swift in Sources */ = {isa = PBXBuildFile; fileRef = 6953894C2942FB5D00DC03E7 /* SizeReader.swift */; };
		DA2BC1102C4A2D5500B6E30C /* DataController.swift in Sources */ = {isa = PBXBuildFile; fileRef = 69B7FDE2293ED26600B310D9 /* DataController.swift */; };
		DA2BC1122C4A2D5500B6E30C /* FavoriteChannel.swift in Sources */ = {isa = PBXBuildFile; fileRef = 6975935C28F75F4A00940DA3 /* FavoriteChannel.swift */; };
		DA2BC1132C4A2D5500B6E30C /* ChannelList.swift in Sources */ = {isa = PBXBuildFile; fileRef = 69936BE528FB6E35005556AC /* ChannelList.swift */; };
		DA2BC1142C4A2D5500B6E30C /* ChannelSearchResultsList.swift in Sources */ = {isa = PBXBuildFile; fileRef = 69936BE828FB85DE005556AC /* ChannelSearchResultsList.swift */; };
		DA2BC1152C4A2D5500B6E30C /* StreamView.swift in Sources */ = {isa = PBXBuildFile; fileRef = 695355BE29D16A8E00FE65B7 /* StreamView.swift */; };
		DA2BC1172C4A2D5500B6E30C /* Logging in Frameworks */ = {isa = PBXBuildFile; productRef = DA2BC0FB2C4A2D5500B6E30C /* Logging */; };
		DA2BC1182C4A2D5500B6E30C /* URLImageStore in Frameworks */ = {isa = PBXBuildFile; productRef = DA2BC0F72C4A2D5500B6E30C /* URLImageStore */; };
		DA2BC1192C4A2D5500B6E30C /* SharedModule in Frameworks */ = {isa = PBXBuildFile; productRef = DA2BC0F82C4A2D5500B6E30C /* SharedModule */; };
		DA2BC11A2C4A2D5500B6E30C /* TwitchPlugin in Frameworks */ = {isa = PBXBuildFile; productRef = DA2BC0FA2C4A2D5500B6E30C /* TwitchPlugin */; };
		DA2BC11B2C4A2D5500B6E30C /* YouTubePlugin in Frameworks */ = {isa = PBXBuildFile; productRef = DA2BC0F92C4A2D5500B6E30C /* YouTubePlugin */; };
		DA2BC11C2C4A2D5500B6E30C /* URLImage in Frameworks */ = {isa = PBXBuildFile; productRef = DA2BC0F52C4A2D5500B6E30C /* URLImage */; };
		DA2BC11E2C4A2D5500B6E30C /* user.json in Resources */ = {isa = PBXBuildFile; fileRef = 69936BCB28FA802C005556AC /* user.json */; };
		DA2BC11F2C4A2D5500B6E30C /* channels.json in Resources */ = {isa = PBXBuildFile; fileRef = 69936BC828FA8020005556AC /* channels.json */; };
		DA2BC1202C4A2D5500B6E30C /* Colors.xcassets in Resources */ = {isa = PBXBuildFile; fileRef = 6908049528FA725A004F305E /* Colors.xcassets */; };
		DA2BC1212C4A2D5500B6E30C /* Preview Assets.xcassets in Resources */ = {isa = PBXBuildFile; fileRef = 69E61F0C28F53D0500EF200B /* Preview Assets.xcassets */; };
		DA2BC1222C4A2D5500B6E30C /* Assets.xcassets in Resources */ = {isa = PBXBuildFile; fileRef = 69E61F0928F53D0500EF200B /* Assets.xcassets */; };
		DA2BC1232C4A2D5500B6E30C /* streams.json in Resources */ = {isa = PBXBuildFile; fileRef = 69936BC528FA800F005556AC /* streams.json */; };
		DA2BC12B2C4B63A700B6E30C /* TwitchPlugin in Frameworks */ = {isa = PBXBuildFile; productRef = DA2BC12A2C4B63A700B6E30C /* TwitchPlugin */; };
		DA2BC12E2C4B63B400B6E30C /* YouTubePlugin in Frameworks */ = {isa = PBXBuildFile; productRef = DA2BC12D2C4B63B400B6E30C /* YouTubePlugin */; };
		DA2BC1312C4B63CA00B6E30C /* SharedModule in Frameworks */ = {isa = PBXBuildFile; productRef = DA2BC1302C4B63CA00B6E30C /* SharedModule */; };
		DA2BC1322C4B642900B6E30C /* StreamDex copy-Info.plist in Resources */ = {isa = PBXBuildFile; fileRef = DA2BC1282C4A2D5500B6E30C /* StreamDex copy-Info.plist */; };
/* End PBXBuildFile section */

/* Begin PBXContainerItemProxy section */
		69E61F1428F53D0500EF200B /* PBXContainerItemProxy */ = {
			isa = PBXContainerItemProxy;
			containerPortal = 69E61EFA28F53D0400EF200B /* Project object */;
			proxyType = 1;
			remoteGlobalIDString = 69E61F0128F53D0400EF200B;
			remoteInfo = Twitch;
		};
		69E61F1E28F53D0500EF200B /* PBXContainerItemProxy */ = {
			isa = PBXContainerItemProxy;
			containerPortal = 69E61EFA28F53D0400EF200B /* Project object */;
			proxyType = 1;
			remoteGlobalIDString = 69E61F0128F53D0400EF200B;
			remoteInfo = Twitch;
		};
/* End PBXContainerItemProxy section */

/* Begin PBXFileReference section */
		6908049228FA5581004F305E /* ChannelsSidebar.swift */ = {isa = PBXFileReference; lastKnownFileType = sourcecode.swift; path = ChannelsSidebar.swift; sourceTree = "<group>"; };
		6908049528FA725A004F305E /* Colors.xcassets */ = {isa = PBXFileReference; lastKnownFileType = folder.assetcatalog; path = Colors.xcassets; sourceTree = "<group>"; };
		6908049828FA7738004F305E /* Color.swift */ = {isa = PBXFileReference; lastKnownFileType = sourcecode.swift; path = Color.swift; sourceTree = "<group>"; };
		69245DDA28FFE38C00D7D87D /* WindowGroupContentView.swift */ = {isa = PBXFileReference; lastKnownFileType = sourcecode.swift; path = WindowGroupContentView.swift; sourceTree = "<group>"; };
		6930F74E290128D4007F9D2A /* Info.plist */ = {isa = PBXFileReference; lastKnownFileType = text.plist; path = Info.plist; sourceTree = "<group>"; };
		6930F74F290129FA007F9D2A /* StreamDex-Dev-Info.plist */ = {isa = PBXFileReference; lastKnownFileType = text.plist.xml; path = "StreamDex-Dev-Info.plist"; sourceTree = "<group>"; };
		695355BE29D16A8E00FE65B7 /* StreamView.swift */ = {isa = PBXFileReference; lastKnownFileType = sourcecode.swift; path = StreamView.swift; sourceTree = "<group>"; };
		6953894C2942FB5D00DC03E7 /* SizeReader.swift */ = {isa = PBXFileReference; lastKnownFileType = sourcecode.swift; path = SizeReader.swift; sourceTree = "<group>"; };
		6963320628FD27F600059FCF /* ChannelSection.swift */ = {isa = PBXFileReference; lastKnownFileType = sourcecode.swift; path = ChannelSection.swift; sourceTree = "<group>"; };
		6963320928FD282B00059FCF /* ChannelListItem.swift */ = {isa = PBXFileReference; lastKnownFileType = sourcecode.swift; path = ChannelListItem.swift; sourceTree = "<group>"; };
		6963320C28FE25FD00059FCF /* Clock.swift */ = {isa = PBXFileReference; lastKnownFileType = sourcecode.swift; path = Clock.swift; sourceTree = "<group>"; };
		6975935328F7433B00940DA3 /* StreamPlayer.swift */ = {isa = PBXFileReference; lastKnownFileType = sourcecode.swift; path = StreamPlayer.swift; sourceTree = "<group>"; };
		6975935628F7437B00940DA3 /* StreamPlayerView.swift */ = {isa = PBXFileReference; lastKnownFileType = sourcecode.swift; path = StreamPlayerView.swift; sourceTree = "<group>"; };
		6975935C28F75F4A00940DA3 /* FavoriteChannel.swift */ = {isa = PBXFileReference; lastKnownFileType = sourcecode.swift; path = FavoriteChannel.swift; sourceTree = "<group>"; };
		69936BC528FA800F005556AC /* streams.json */ = {isa = PBXFileReference; lastKnownFileType = text.json; path = streams.json; sourceTree = "<group>"; };
		69936BC828FA8020005556AC /* channels.json */ = {isa = PBXFileReference; lastKnownFileType = text.json; path = channels.json; sourceTree = "<group>"; };
		69936BCB28FA802C005556AC /* user.json */ = {isa = PBXFileReference; lastKnownFileType = text.json; path = user.json; sourceTree = "<group>"; };
		69936BD428FB5B21005556AC /* Helpers.swift */ = {isa = PBXFileReference; lastKnownFileType = sourcecode.swift; path = Helpers.swift; sourceTree = "<group>"; };
		69936BE128FB6C57005556AC /* StreamsView.swift */ = {isa = PBXFileReference; lastKnownFileType = sourcecode.swift; path = StreamsView.swift; sourceTree = "<group>"; };
		69936BE528FB6E35005556AC /* ChannelList.swift */ = {isa = PBXFileReference; lastKnownFileType = sourcecode.swift; path = ChannelList.swift; sourceTree = "<group>"; };
		69936BE828FB85DE005556AC /* ChannelSearchResultsList.swift */ = {isa = PBXFileReference; lastKnownFileType = sourcecode.swift; path = ChannelSearchResultsList.swift; sourceTree = "<group>"; };
		699C889C28F91351009B31F2 /* Assets-Dev.xcassets */ = {isa = PBXFileReference; lastKnownFileType = folder.assetcatalog; path = "Assets-Dev.xcassets"; sourceTree = "<group>"; };
		69B7FDE2293ED26600B310D9 /* DataController.swift */ = {isa = PBXFileReference; lastKnownFileType = sourcecode.swift; path = DataController.swift; sourceTree = "<group>"; };
		69CF2D8E28F7E1D300B496A3 /* StreamDex.entitlements */ = {isa = PBXFileReference; lastKnownFileType = text.plist.entitlements; path = StreamDex.entitlements; sourceTree = "<group>"; };
		69E61F0228F53D0400EF200B /* StreamDex.app */ = {isa = PBXFileReference; explicitFileType = wrapper.application; includeInIndex = 0; path = StreamDex.app; sourceTree = BUILT_PRODUCTS_DIR; };
		69E61F0528F53D0400EF200B /* StreamDexApp.swift */ = {isa = PBXFileReference; lastKnownFileType = sourcecode.swift; path = StreamDexApp.swift; sourceTree = "<group>"; };
		69E61F0728F53D0400EF200B /* ContentView.swift */ = {isa = PBXFileReference; lastKnownFileType = sourcecode.swift; path = ContentView.swift; sourceTree = "<group>"; };
		69E61F0928F53D0500EF200B /* Assets.xcassets */ = {isa = PBXFileReference; lastKnownFileType = folder.assetcatalog; path = Assets.xcassets; sourceTree = "<group>"; };
		69E61F0C28F53D0500EF200B /* Preview Assets.xcassets */ = {isa = PBXFileReference; lastKnownFileType = folder.assetcatalog; path = "Preview Assets.xcassets"; sourceTree = "<group>"; };
		69E61F1328F53D0500EF200B /* StreamDexTests.xctest */ = {isa = PBXFileReference; explicitFileType = wrapper.cfbundle; includeInIndex = 0; path = StreamDexTests.xctest; sourceTree = BUILT_PRODUCTS_DIR; };
		69E61F1728F53D0500EF200B /* StreamDexTests.swift */ = {isa = PBXFileReference; lastKnownFileType = sourcecode.swift; path = StreamDexTests.swift; sourceTree = "<group>"; };
		69E61F1D28F53D0500EF200B /* StreamDexUITests.xctest */ = {isa = PBXFileReference; explicitFileType = wrapper.cfbundle; includeInIndex = 0; path = StreamDexUITests.xctest; sourceTree = BUILT_PRODUCTS_DIR; };
		69E61F2128F53D0500EF200B /* StreamDexUITests.swift */ = {isa = PBXFileReference; lastKnownFileType = sourcecode.swift; path = StreamDexUITests.swift; sourceTree = "<group>"; };
		69E61F2328F53D0500EF200B /* StreamDexUITestsLaunchTests.swift */ = {isa = PBXFileReference; lastKnownFileType = sourcecode.swift; path = StreamDexUITestsLaunchTests.swift; sourceTree = "<group>"; };
		69E61F3B28F542DB00EF200B /* AppState.swift */ = {isa = PBXFileReference; lastKnownFileType = sourcecode.swift; path = AppState.swift; sourceTree = "<group>"; };
		69E61F5428F5E2B100EF200B /* StreamDex Dev.app */ = {isa = PBXFileReference; explicitFileType = wrapper.application; includeInIndex = 0; path = "StreamDex Dev.app"; sourceTree = BUILT_PRODUCTS_DIR; };
		69E61F5528F6052B00EF200B /* MenuBarContentView.swift */ = {isa = PBXFileReference; lastKnownFileType = sourcecode.swift; path = MenuBarContentView.swift; sourceTree = "<group>"; };
		DA2BC0F12C4A082600B6E30C /* PluginsController.swift */ = {isa = PBXFileReference; lastKnownFileType = sourcecode.swift; path = PluginsController.swift; sourceTree = "<group>"; };
		DA2BC1272C4A2D5500B6E30C /* StreamDex copy.app */ = {isa = PBXFileReference; explicitFileType = wrapper.application; includeInIndex = 0; path = "StreamDex copy.app"; sourceTree = BUILT_PRODUCTS_DIR; };
		DA2BC1282C4A2D5500B6E30C /* StreamDex copy-Info.plist */ = {isa = PBXFileReference; lastKnownFileType = text.plist.xml; path = "StreamDex copy-Info.plist"; sourceTree = "<group>"; };
/* End PBXFileReference section */

/* Begin PBXFrameworksBuildPhase section */
		69E61EFF28F53D0400EF200B /* Frameworks */ = {
			isa = PBXFrameworksBuildPhase;
			buildActionMask = 2147483647;
			files = (
				DA2BC12E2C4B63B400B6E30C /* YouTubePlugin in Frameworks */,
				695CAF13294050C7003B0B76 /* URLImageStore in Frameworks */,
				DA2BC0DE2C474C8100B6E30C /* SharedModule in Frameworks */,
				DA2BC12B2C4B63A700B6E30C /* TwitchPlugin in Frameworks */,
				DA2BC0E42C474D8000B6E30C /* TwitchPlugin in Frameworks */,
				DA2BC0E12C474D5B00B6E30C /* YouTubePlugin in Frameworks */,
				695CAF11294050C7003B0B76 /* URLImage in Frameworks */,
				DA2BC1312C4B63CA00B6E30C /* SharedModule in Frameworks */,
			);
			runOnlyForDeploymentPostprocessing = 0;
		};
		69E61F1028F53D0500EF200B /* Frameworks */ = {
			isa = PBXFrameworksBuildPhase;
			buildActionMask = 2147483647;
			files = (
			);
			runOnlyForDeploymentPostprocessing = 0;
		};
		69E61F1A28F53D0500EF200B /* Frameworks */ = {
			isa = PBXFrameworksBuildPhase;
			buildActionMask = 2147483647;
			files = (
			);
			runOnlyForDeploymentPostprocessing = 0;
		};
		69E61F4B28F5E2B100EF200B /* Frameworks */ = {
			isa = PBXFrameworksBuildPhase;
			buildActionMask = 2147483647;
			files = (
				695CAF17294051A8003B0B76 /* URLImageStore in Frameworks */,
				695CAF15294051A8003B0B76 /* URLImage in Frameworks */,
			);
			runOnlyForDeploymentPostprocessing = 0;
		};
		DA2BC1162C4A2D5500B6E30C /* Frameworks */ = {
			isa = PBXFrameworksBuildPhase;
			buildActionMask = 2147483647;
			files = (
				DA2BC1172C4A2D5500B6E30C /* Logging in Frameworks */,
				DA2BC1182C4A2D5500B6E30C /* URLImageStore in Frameworks */,
				DA2BC1192C4A2D5500B6E30C /* SharedModule in Frameworks */,
				DA2BC11A2C4A2D5500B6E30C /* TwitchPlugin in Frameworks */,
				DA2BC11B2C4A2D5500B6E30C /* YouTubePlugin in Frameworks */,
				DA2BC11C2C4A2D5500B6E30C /* URLImage in Frameworks */,
			);
			runOnlyForDeploymentPostprocessing = 0;
		};
/* End PBXFrameworksBuildPhase section */

/* Begin PBXGroup section */
		69245DD928FFE30900D7D87D /* WindowGroupViews */ = {
			isa = PBXGroup;
			children = (
				69245DDA28FFE38C00D7D87D /* WindowGroupContentView.swift */,
			);
			path = WindowGroupViews;
			sourceTree = "<group>";
		};
		6930F75029012CB5007F9D2A /* Frameworks */ = {
			isa = PBXGroup;
			children = (
			);
			name = Frameworks;
			sourceTree = "<group>";
		};
		6975934928F73DC500940DA3 /* Utilities */ = {
			isa = PBXGroup;
			children = (
				6908049828FA7738004F305E /* Color.swift */,
				69936BD428FB5B21005556AC /* Helpers.swift */,
				6963320C28FE25FD00059FCF /* Clock.swift */,
				6953894C2942FB5D00DC03E7 /* SizeReader.swift */,
			);
			path = Utilities;
			sourceTree = "<group>";
		};
		6975934D28F73DED00940DA3 /* MenuBarViews */ = {
			isa = PBXGroup;
			children = (
				69E61F5528F6052B00EF200B /* MenuBarContentView.swift */,
			);
			path = MenuBarViews;
			sourceTree = "<group>";
		};
		6975934E28F73DFC00940DA3 /* WindowViews */ = {
			isa = PBXGroup;
			children = (
				69936BE428FB6DF7005556AC /* Sidebar */,
				69E61F0728F53D0400EF200B /* ContentView.swift */,
				69936BE128FB6C57005556AC /* StreamsView.swift */,
				6975935628F7437B00940DA3 /* StreamPlayerView.swift */,
				695355BE29D16A8E00FE65B7 /* StreamView.swift */,
			);
			path = WindowViews;
			sourceTree = "<group>";
		};
		6975934F28F73E0A00940DA3 /* Views */ = {
			isa = PBXGroup;
			children = (
				69245DD928FFE30900D7D87D /* WindowGroupViews */,
				6975934E28F73DFC00940DA3 /* WindowViews */,
				6975934D28F73DED00940DA3 /* MenuBarViews */,
			);
			path = Views;
			sourceTree = "<group>";
		};
		69936BE028FB6375005556AC /* Services */ = {
			isa = PBXGroup;
			children = (
				69E61F3B28F542DB00EF200B /* AppState.swift */,
				69B7FDE2293ED26600B310D9 /* DataController.swift */,
				DA2BC0F12C4A082600B6E30C /* PluginsController.swift */,
			);
			path = Services;
			sourceTree = "<group>";
		};
		69936BE428FB6DF7005556AC /* Sidebar */ = {
			isa = PBXGroup;
			children = (
				6908049228FA5581004F305E /* ChannelsSidebar.swift */,
				69936BE528FB6E35005556AC /* ChannelList.swift */,
				69936BE828FB85DE005556AC /* ChannelSearchResultsList.swift */,
				6963320628FD27F600059FCF /* ChannelSection.swift */,
				6963320928FD282B00059FCF /* ChannelListItem.swift */,
			);
			path = Sidebar;
			sourceTree = "<group>";
		};
		69E61EF928F53D0400EF200B = {
			isa = PBXGroup;
			children = (
				6930F74F290129FA007F9D2A /* StreamDex-Dev-Info.plist */,
				69E61F0428F53D0400EF200B /* StreamDex */,
				69E61F1628F53D0500EF200B /* StreamDexTests */,
				69E61F2028F53D0500EF200B /* StreamDexUITests */,
				69E61F0328F53D0400EF200B /* Products */,
				6930F75029012CB5007F9D2A /* Frameworks */,
				DA2BC1282C4A2D5500B6E30C /* StreamDex copy-Info.plist */,
			);
			sourceTree = "<group>";
		};
		69E61F0328F53D0400EF200B /* Products */ = {
			isa = PBXGroup;
			children = (
				69E61F0228F53D0400EF200B /* StreamDex.app */,
				69E61F1328F53D0500EF200B /* StreamDexTests.xctest */,
				69E61F1D28F53D0500EF200B /* StreamDexUITests.xctest */,
				69E61F5428F5E2B100EF200B /* StreamDex Dev.app */,
				DA2BC1272C4A2D5500B6E30C /* StreamDex copy.app */,
			);
			name = Products;
			sourceTree = "<group>";
		};
		69E61F0428F53D0400EF200B /* StreamDex */ = {
			isa = PBXGroup;
			children = (
				6930F74E290128D4007F9D2A /* Info.plist */,
				69936BE028FB6375005556AC /* Services */,
				6975934F28F73E0A00940DA3 /* Views */,
				6975934928F73DC500940DA3 /* Utilities */,
				69E61F3028F53E5500EF200B /* Models */,
				69E61F0528F53D0400EF200B /* StreamDexApp.swift */,
				69E61F0928F53D0500EF200B /* Assets.xcassets */,
				699C889C28F91351009B31F2 /* Assets-Dev.xcassets */,
				6908049528FA725A004F305E /* Colors.xcassets */,
				69CF2D8E28F7E1D300B496A3 /* StreamDex.entitlements */,
				69E61F0B28F53D0500EF200B /* Preview Content */,
			);
			path = StreamDex;
			sourceTree = "<group>";
		};
		69E61F0B28F53D0500EF200B /* Preview Content */ = {
			isa = PBXGroup;
			children = (
				69E61F0C28F53D0500EF200B /* Preview Assets.xcassets */,
				69936BC528FA800F005556AC /* streams.json */,
				69936BC828FA8020005556AC /* channels.json */,
				69936BCB28FA802C005556AC /* user.json */,
			);
			path = "Preview Content";
			sourceTree = "<group>";
		};
		69E61F1628F53D0500EF200B /* StreamDexTests */ = {
			isa = PBXGroup;
			children = (
				69E61F1728F53D0500EF200B /* StreamDexTests.swift */,
			);
			path = StreamDexTests;
			sourceTree = "<group>";
		};
		69E61F2028F53D0500EF200B /* StreamDexUITests */ = {
			isa = PBXGroup;
			children = (
				69E61F2128F53D0500EF200B /* StreamDexUITests.swift */,
				69E61F2328F53D0500EF200B /* StreamDexUITestsLaunchTests.swift */,
			);
			path = StreamDexUITests;
			sourceTree = "<group>";
		};
		69E61F3028F53E5500EF200B /* Models */ = {
			isa = PBXGroup;
			children = (
				6975935328F7433B00940DA3 /* StreamPlayer.swift */,
				6975935C28F75F4A00940DA3 /* FavoriteChannel.swift */,
			);
			path = Models;
			sourceTree = "<group>";
		};
/* End PBXGroup section */

/* Begin PBXNativeTarget section */
		69E61F0128F53D0400EF200B /* StreamDex */ = {
			isa = PBXNativeTarget;
			buildConfigurationList = 69E61F2728F53D0500EF200B /* Build configuration list for PBXNativeTarget "StreamDex" */;
			buildPhases = (
				69E61EFE28F53D0400EF200B /* Sources */,
				69E61EFF28F53D0400EF200B /* Frameworks */,
				69E61F0028F53D0400EF200B /* Resources */,
			);
			buildRules = (
			);
			dependencies = (
			);
			name = StreamDex;
			packageProductDependencies = (
				695CAF10294050C7003B0B76 /* URLImage */,
				695CAF12294050C7003B0B76 /* URLImageStore */,
				DA2BC0DD2C474C8100B6E30C /* SharedModule */,
				DA2BC0E02C474D5B00B6E30C /* YouTubePlugin */,
				DA2BC0E32C474D8000B6E30C /* TwitchPlugin */,
				DA2BC12A2C4B63A700B6E30C /* TwitchPlugin */,
				DA2BC12D2C4B63B400B6E30C /* YouTubePlugin */,
				DA2BC1302C4B63CA00B6E30C /* SharedModule */,
			);
			productName = Twitch;
			productReference = 69E61F0228F53D0400EF200B /* StreamDex.app */;
			productType = "com.apple.product-type.application";
		};
		69E61F1228F53D0500EF200B /* StreamDexTests */ = {
			isa = PBXNativeTarget;
			buildConfigurationList = 69E61F2A28F53D0500EF200B /* Build configuration list for PBXNativeTarget "StreamDexTests" */;
			buildPhases = (
				69E61F0F28F53D0500EF200B /* Sources */,
				69E61F1028F53D0500EF200B /* Frameworks */,
				69E61F1128F53D0500EF200B /* Resources */,
			);
			buildRules = (
			);
			dependencies = (
				69E61F1528F53D0500EF200B /* PBXTargetDependency */,
			);
			name = StreamDexTests;
			productName = TwitchTests;
			productReference = 69E61F1328F53D0500EF200B /* StreamDexTests.xctest */;
			productType = "com.apple.product-type.bundle.unit-test";
		};
		69E61F1C28F53D0500EF200B /* StreamDexUITests */ = {
			isa = PBXNativeTarget;
			buildConfigurationList = 69E61F2D28F53D0500EF200B /* Build configuration list for PBXNativeTarget "StreamDexUITests" */;
			buildPhases = (
				69E61F1928F53D0500EF200B /* Sources */,
				69E61F1A28F53D0500EF200B /* Frameworks */,
				69E61F1B28F53D0500EF200B /* Resources */,
			);
			buildRules = (
			);
			dependencies = (
				69E61F1F28F53D0500EF200B /* PBXTargetDependency */,
			);
			name = StreamDexUITests;
			productName = TwitchUITests;
			productReference = 69E61F1D28F53D0500EF200B /* StreamDexUITests.xctest */;
			productType = "com.apple.product-type.bundle.ui-testing";
		};
		69E61F3F28F5E2B100EF200B /* StreamDex Dev */ = {
			isa = PBXNativeTarget;
			buildConfigurationList = 69E61F5128F5E2B100EF200B /* Build configuration list for PBXNativeTarget "StreamDex Dev" */;
			buildPhases = (
				69E61F4428F5E2B100EF200B /* Sources */,
				69E61F4B28F5E2B100EF200B /* Frameworks */,
				69E61F4E28F5E2B100EF200B /* Resources */,
			);
			buildRules = (
			);
			dependencies = (
			);
			name = "StreamDex Dev";
			packageProductDependencies = (
				695CAF14294051A8003B0B76 /* URLImage */,
				695CAF16294051A8003B0B76 /* URLImageStore */,
			);
			productName = Twitch;
			productReference = 69E61F5428F5E2B100EF200B /* StreamDex Dev.app */;
			productType = "com.apple.product-type.application";
		};
		DA2BC0F42C4A2D5500B6E30C /* StreamDex copy */ = {
			isa = PBXNativeTarget;
			buildConfigurationList = DA2BC1242C4A2D5500B6E30C /* Build configuration list for PBXNativeTarget "StreamDex copy" */;
			buildPhases = (
				DA2BC0FD2C4A2D5500B6E30C /* Sources */,
				DA2BC1162C4A2D5500B6E30C /* Frameworks */,
				DA2BC11D2C4A2D5500B6E30C /* Resources */,
			);
			buildRules = (
			);
			dependencies = (
			);
			name = "StreamDex copy";
			packageProductDependencies = (
				DA2BC0F52C4A2D5500B6E30C /* URLImage */,
				DA2BC0F72C4A2D5500B6E30C /* URLImageStore */,
				DA2BC0F82C4A2D5500B6E30C /* SharedModule */,
				DA2BC0F92C4A2D5500B6E30C /* YouTubePlugin */,
				DA2BC0FA2C4A2D5500B6E30C /* TwitchPlugin */,
				DA2BC0FB2C4A2D5500B6E30C /* Logging */,
			);
			productName = Twitch;
			productReference = DA2BC1272C4A2D5500B6E30C /* StreamDex copy.app */;
			productType = "com.apple.product-type.application";
		};
/* End PBXNativeTarget section */

/* Begin PBXProject section */
		69E61EFA28F53D0400EF200B /* Project object */ = {
			isa = PBXProject;
			attributes = {
				BuildIndependentTargetsInParallel = 1;
				LastSwiftUpdateCheck = 1410;
				LastUpgradeCheck = 1410;
				TargetAttributes = {
					69E61F0128F53D0400EF200B = {
						CreatedOnToolsVersion = 14.1;
					};
					69E61F1228F53D0500EF200B = {
						CreatedOnToolsVersion = 14.1;
						TestTargetID = 69E61F0128F53D0400EF200B;
					};
					69E61F1C28F53D0500EF200B = {
						CreatedOnToolsVersion = 14.1;
						TestTargetID = 69E61F0128F53D0400EF200B;
					};
				};
			};
			buildConfigurationList = 69E61EFD28F53D0400EF200B /* Build configuration list for PBXProject "StreamDex" */;
			compatibilityVersion = "Xcode 14.0";
			developmentRegion = en;
			hasScannedForEncodings = 0;
			knownRegions = (
				en,
				Base,
			);
			mainGroup = 69E61EF928F53D0400EF200B;
			packageReferences = (
				695CAF0F294050C7003B0B76 /* XCRemoteSwiftPackageReference "url-image" */,
				DA2BC1292C4B63A700B6E30C /* XCLocalSwiftPackageReference "../../StreamDex/Plugins/TwitchPlugin" */,
				DA2BC12C2C4B63B400B6E30C /* XCLocalSwiftPackageReference "../../StreamDex/Plugins/YouTubePlugin" */,
				DA2BC12F2C4B63CA00B6E30C /* XCLocalSwiftPackageReference "../../StreamDex/SharedModule" */,
			);
			productRefGroup = 69E61F0328F53D0400EF200B /* Products */;
			projectDirPath = "";
			projectRoot = "";
			targets = (
				69E61F0128F53D0400EF200B /* StreamDex */,
				69E61F3F28F5E2B100EF200B /* StreamDex Dev */,
				69E61F1228F53D0500EF200B /* StreamDexTests */,
				69E61F1C28F53D0500EF200B /* StreamDexUITests */,
				DA2BC0F42C4A2D5500B6E30C /* StreamDex copy */,
			);
		};
/* End PBXProject section */

/* Begin PBXResourcesBuildPhase section */
		69E61F0028F53D0400EF200B /* Resources */ = {
			isa = PBXResourcesBuildPhase;
			buildActionMask = 2147483647;
			files = (
				69936BCC28FA802C005556AC /* user.json in Resources */,
				DA2BC1322C4B642900B6E30C /* StreamDex copy-Info.plist in Resources */,
				69936BC928FA8020005556AC /* channels.json in Resources */,
				6908049628FA725A004F305E /* Colors.xcassets in Resources */,
				69E61F0D28F53D0500EF200B /* Preview Assets.xcassets in Resources */,
				69E61F0A28F53D0500EF200B /* Assets.xcassets in Resources */,
				69936BC628FA800F005556AC /* streams.json in Resources */,
			);
			runOnlyForDeploymentPostprocessing = 0;
		};
		69E61F1128F53D0500EF200B /* Resources */ = {
			isa = PBXResourcesBuildPhase;
			buildActionMask = 2147483647;
			files = (
			);
			runOnlyForDeploymentPostprocessing = 0;
		};
		69E61F1B28F53D0500EF200B /* Resources */ = {
			isa = PBXResourcesBuildPhase;
			buildActionMask = 2147483647;
			files = (
			);
			runOnlyForDeploymentPostprocessing = 0;
		};
		69E61F4E28F5E2B100EF200B /* Resources */ = {
			isa = PBXResourcesBuildPhase;
			buildActionMask = 2147483647;
			files = (
				69936BCD28FA802C005556AC /* user.json in Resources */,
				69936BCA28FA8020005556AC /* channels.json in Resources */,
				6908049728FA725A004F305E /* Colors.xcassets in Resources */,
				699C889D28F91351009B31F2 /* Assets-Dev.xcassets in Resources */,
				69E61F4F28F5E2B100EF200B /* Preview Assets.xcassets in Resources */,
				69936BC728FA800F005556AC /* streams.json in Resources */,
			);
			runOnlyForDeploymentPostprocessing = 0;
		};
		DA2BC11D2C4A2D5500B6E30C /* Resources */ = {
			isa = PBXResourcesBuildPhase;
			buildActionMask = 2147483647;
			files = (
				DA2BC11E2C4A2D5500B6E30C /* user.json in Resources */,
				DA2BC11F2C4A2D5500B6E30C /* channels.json in Resources */,
				DA2BC1202C4A2D5500B6E30C /* Colors.xcassets in Resources */,
				DA2BC1212C4A2D5500B6E30C /* Preview Assets.xcassets in Resources */,
				DA2BC1222C4A2D5500B6E30C /* Assets.xcassets in Resources */,
				DA2BC1232C4A2D5500B6E30C /* streams.json in Resources */,
			);
			runOnlyForDeploymentPostprocessing = 0;
		};
/* End PBXResourcesBuildPhase section */

/* Begin PBXSourcesBuildPhase section */
		69E61EFE28F53D0400EF200B /* Sources */ = {
			isa = PBXSourcesBuildPhase;
			buildActionMask = 2147483647;
			files = (
				6975935428F7433B00940DA3 /* StreamPlayer.swift in Sources */,
				69E61F0828F53D0400EF200B /* ContentView.swift in Sources */,
				69936BD528FB5B21005556AC /* Helpers.swift in Sources */,
				69E61F3C28F542DB00EF200B /* AppState.swift in Sources */,
				69936BE228FB6C57005556AC /* StreamsView.swift in Sources */,
				6908049928FA7738004F305E /* Color.swift in Sources */,
				6963320728FD27F600059FCF /* ChannelSection.swift in Sources */,
				69E61F0628F53D0400EF200B /* StreamDexApp.swift in Sources */,
				6963320D28FE25FD00059FCF /* Clock.swift in Sources */,
				6908049328FA5581004F305E /* ChannelsSidebar.swift in Sources */,
				69245DDB28FFE38C00D7D87D /* WindowGroupContentView.swift in Sources */,
				6963320A28FD282B00059FCF /* ChannelListItem.swift in Sources */,
				6975935728F7437B00940DA3 /* StreamPlayerView.swift in Sources */,
				69E61F5628F6052B00EF200B /* MenuBarContentView.swift in Sources */,
				DA2BC0F22C4A082600B6E30C /* PluginsController.swift in Sources */,
				6953894D2942FB5D00DC03E7 /* SizeReader.swift in Sources */,
				69B7FDE3293ED26600B310D9 /* DataController.swift in Sources */,
				6975935D28F75F4A00940DA3 /* FavoriteChannel.swift in Sources */,
				69936BE628FB6E35005556AC /* ChannelList.swift in Sources */,
				69936BE928FB85DE005556AC /* ChannelSearchResultsList.swift in Sources */,
				695355BF29D16A8E00FE65B7 /* StreamView.swift in Sources */,
			);
			runOnlyForDeploymentPostprocessing = 0;
		};
		69E61F0F28F53D0500EF200B /* Sources */ = {
			isa = PBXSourcesBuildPhase;
			buildActionMask = 2147483647;
			files = (
				69E61F1828F53D0500EF200B /* StreamDexTests.swift in Sources */,
			);
			runOnlyForDeploymentPostprocessing = 0;
		};
		69E61F1928F53D0500EF200B /* Sources */ = {
			isa = PBXSourcesBuildPhase;
			buildActionMask = 2147483647;
			files = (
				69E61F2228F53D0500EF200B /* StreamDexUITests.swift in Sources */,
				69E61F2428F53D0500EF200B /* StreamDexUITestsLaunchTests.swift in Sources */,
			);
			runOnlyForDeploymentPostprocessing = 0;
		};
		69E61F4428F5E2B100EF200B /* Sources */ = {
			isa = PBXSourcesBuildPhase;
			buildActionMask = 2147483647;
			files = (
				6975935528F7433B00940DA3 /* StreamPlayer.swift in Sources */,
				69E61F4528F5E2B100EF200B /* ContentView.swift in Sources */,
				69936BD628FB5B21005556AC /* Helpers.swift in Sources */,
				69E61F4628F5E2B100EF200B /* AppState.swift in Sources */,
				69936BE328FB6C57005556AC /* StreamsView.swift in Sources */,
				6908049A28FA7738004F305E /* Color.swift in Sources */,
				6963320828FD27F600059FCF /* ChannelSection.swift in Sources */,
				69E61F4928F5E2B100EF200B /* StreamDexApp.swift in Sources */,
				6963320E28FE25FD00059FCF /* Clock.swift in Sources */,
				6908049428FA5581004F305E /* ChannelsSidebar.swift in Sources */,
				69245DDC28FFE38C00D7D87D /* WindowGroupContentView.swift in Sources */,
				6963320B28FD282B00059FCF /* ChannelListItem.swift in Sources */,
				6975935828F7437B00940DA3 /* StreamPlayerView.swift in Sources */,
				69E61F5728F6062C00EF200B /* MenuBarContentView.swift in Sources */,
				DA2BC0F32C4A082600B6E30C /* PluginsController.swift in Sources */,
				6953894E2942FB5D00DC03E7 /* SizeReader.swift in Sources */,
				69B7FDE4293ED26600B310D9 /* DataController.swift in Sources */,
				6975935E28F75F4A00940DA3 /* FavoriteChannel.swift in Sources */,
				69936BE728FB6E35005556AC /* ChannelList.swift in Sources */,
				69936BEA28FB85DE005556AC /* ChannelSearchResultsList.swift in Sources */,
				695355C029D16A8E00FE65B7 /* StreamView.swift in Sources */,
			);
			runOnlyForDeploymentPostprocessing = 0;
		};
		DA2BC0FD2C4A2D5500B6E30C /* Sources */ = {
			isa = PBXSourcesBuildPhase;
			buildActionMask = 2147483647;
			files = (
				DA2BC0FE2C4A2D5500B6E30C /* StreamPlayer.swift in Sources */,
				DA2BC0FF2C4A2D5500B6E30C /* ContentView.swift in Sources */,
				DA2BC1002C4A2D5500B6E30C /* Helpers.swift in Sources */,
				DA2BC1012C4A2D5500B6E30C /* AppState.swift in Sources */,
				DA2BC1022C4A2D5500B6E30C /* StreamsView.swift in Sources */,
				DA2BC1032C4A2D5500B6E30C /* Color.swift in Sources */,
				DA2BC1042C4A2D5500B6E30C /* ChannelSection.swift in Sources */,
				DA2BC1052C4A2D5500B6E30C /* StreamDexApp.swift in Sources */,
				DA2BC1062C4A2D5500B6E30C /* Clock.swift in Sources */,
				DA2BC1072C4A2D5500B6E30C /* ChannelsSidebar.swift in Sources */,
				DA2BC1082C4A2D5500B6E30C /* WindowGroupContentView.swift in Sources */,
				DA2BC10A2C4A2D5500B6E30C /* ChannelListItem.swift in Sources */,
				DA2BC10B2C4A2D5500B6E30C /* StreamPlayerView.swift in Sources */,
				DA2BC10D2C4A2D5500B6E30C /* MenuBarContentView.swift in Sources */,
				DA2BC10E2C4A2D5500B6E30C /* PluginsController.swift in Sources */,
				DA2BC10F2C4A2D5500B6E30C /* SizeReader.swift in Sources */,
				DA2BC1102C4A2D5500B6E30C /* DataController.swift in Sources */,
				DA2BC1122C4A2D5500B6E30C /* FavoriteChannel.swift in Sources */,
				DA2BC1132C4A2D5500B6E30C /* ChannelList.swift in Sources */,
				DA2BC1142C4A2D5500B6E30C /* ChannelSearchResultsList.swift in Sources */,
				DA2BC1152C4A2D5500B6E30C /* StreamView.swift in Sources */,
			);
			runOnlyForDeploymentPostprocessing = 0;
		};
/* End PBXSourcesBuildPhase section */

/* Begin PBXTargetDependency section */
		69E61F1528F53D0500EF200B /* PBXTargetDependency */ = {
			isa = PBXTargetDependency;
			target = 69E61F0128F53D0400EF200B /* StreamDex */;
			targetProxy = 69E61F1428F53D0500EF200B /* PBXContainerItemProxy */;
		};
		69E61F1F28F53D0500EF200B /* PBXTargetDependency */ = {
			isa = PBXTargetDependency;
			target = 69E61F0128F53D0400EF200B /* StreamDex */;
			targetProxy = 69E61F1E28F53D0500EF200B /* PBXContainerItemProxy */;
		};
/* End PBXTargetDependency section */

/* Begin XCBuildConfiguration section */
		69E61F2528F53D0500EF200B /* Debug */ = {
			isa = XCBuildConfiguration;
			buildSettings = {
				ALWAYS_SEARCH_USER_PATHS = NO;
				CLANG_ANALYZER_NONNULL = YES;
				CLANG_ANALYZER_NUMBER_OBJECT_CONVERSION = YES_AGGRESSIVE;
				CLANG_CXX_LANGUAGE_STANDARD = "gnu++20";
				CLANG_ENABLE_MODULES = YES;
				CLANG_ENABLE_OBJC_ARC = YES;
				CLANG_ENABLE_OBJC_WEAK = YES;
				CLANG_WARN_BLOCK_CAPTURE_AUTORELEASING = YES;
				CLANG_WARN_BOOL_CONVERSION = YES;
				CLANG_WARN_COMMA = YES;
				CLANG_WARN_CONSTANT_CONVERSION = YES;
				CLANG_WARN_DEPRECATED_OBJC_IMPLEMENTATIONS = YES;
				CLANG_WARN_DIRECT_OBJC_ISA_USAGE = YES_ERROR;
				CLANG_WARN_DOCUMENTATION_COMMENTS = YES;
				CLANG_WARN_EMPTY_BODY = YES;
				CLANG_WARN_ENUM_CONVERSION = YES;
				CLANG_WARN_INFINITE_RECURSION = YES;
				CLANG_WARN_INT_CONVERSION = YES;
				CLANG_WARN_NON_LITERAL_NULL_CONVERSION = YES;
				CLANG_WARN_OBJC_IMPLICIT_RETAIN_SELF = YES;
				CLANG_WARN_OBJC_LITERAL_CONVERSION = YES;
				CLANG_WARN_OBJC_ROOT_CLASS = YES_ERROR;
				CLANG_WARN_QUOTED_INCLUDE_IN_FRAMEWORK_HEADER = YES;
				CLANG_WARN_RANGE_LOOP_ANALYSIS = YES;
				CLANG_WARN_STRICT_PROTOTYPES = YES;
				CLANG_WARN_SUSPICIOUS_MOVE = YES;
				CLANG_WARN_UNGUARDED_AVAILABILITY = YES_AGGRESSIVE;
				CLANG_WARN_UNREACHABLE_CODE = YES;
				CLANG_WARN__DUPLICATE_METHOD_MATCH = YES;
				COPY_PHASE_STRIP = NO;
				DEBUG_INFORMATION_FORMAT = dwarf;
				ENABLE_STRICT_OBJC_MSGSEND = YES;
				ENABLE_TESTABILITY = YES;
				GCC_C_LANGUAGE_STANDARD = gnu11;
				GCC_DYNAMIC_NO_PIC = NO;
				GCC_NO_COMMON_BLOCKS = YES;
				GCC_OPTIMIZATION_LEVEL = 0;
				GCC_PREPROCESSOR_DEFINITIONS = (
					"DEBUG=1",
					"$(inherited)",
				);
				GCC_WARN_64_TO_32_BIT_CONVERSION = YES;
				GCC_WARN_ABOUT_RETURN_TYPE = YES_ERROR;
				GCC_WARN_UNDECLARED_SELECTOR = YES;
				GCC_WARN_UNINITIALIZED_AUTOS = YES_AGGRESSIVE;
				GCC_WARN_UNUSED_FUNCTION = YES;
				GCC_WARN_UNUSED_VARIABLE = YES;
				MACOSX_DEPLOYMENT_TARGET = 14.0;
				MTL_ENABLE_DEBUG_INFO = INCLUDE_SOURCE;
				MTL_FAST_MATH = YES;
				ONLY_ACTIVE_ARCH = YES;
				SDKROOT = macosx;
				SWIFT_ACTIVE_COMPILATION_CONDITIONS = DEBUG;
				SWIFT_OPTIMIZATION_LEVEL = "-Onone";
			};
			name = Debug;
		};
		69E61F2628F53D0500EF200B /* Release */ = {
			isa = XCBuildConfiguration;
			buildSettings = {
				ALWAYS_SEARCH_USER_PATHS = NO;
				CLANG_ANALYZER_NONNULL = YES;
				CLANG_ANALYZER_NUMBER_OBJECT_CONVERSION = YES_AGGRESSIVE;
				CLANG_CXX_LANGUAGE_STANDARD = "gnu++20";
				CLANG_ENABLE_MODULES = YES;
				CLANG_ENABLE_OBJC_ARC = YES;
				CLANG_ENABLE_OBJC_WEAK = YES;
				CLANG_WARN_BLOCK_CAPTURE_AUTORELEASING = YES;
				CLANG_WARN_BOOL_CONVERSION = YES;
				CLANG_WARN_COMMA = YES;
				CLANG_WARN_CONSTANT_CONVERSION = YES;
				CLANG_WARN_DEPRECATED_OBJC_IMPLEMENTATIONS = YES;
				CLANG_WARN_DIRECT_OBJC_ISA_USAGE = YES_ERROR;
				CLANG_WARN_DOCUMENTATION_COMMENTS = YES;
				CLANG_WARN_EMPTY_BODY = YES;
				CLANG_WARN_ENUM_CONVERSION = YES;
				CLANG_WARN_INFINITE_RECURSION = YES;
				CLANG_WARN_INT_CONVERSION = YES;
				CLANG_WARN_NON_LITERAL_NULL_CONVERSION = YES;
				CLANG_WARN_OBJC_IMPLICIT_RETAIN_SELF = YES;
				CLANG_WARN_OBJC_LITERAL_CONVERSION = YES;
				CLANG_WARN_OBJC_ROOT_CLASS = YES_ERROR;
				CLANG_WARN_QUOTED_INCLUDE_IN_FRAMEWORK_HEADER = YES;
				CLANG_WARN_RANGE_LOOP_ANALYSIS = YES;
				CLANG_WARN_STRICT_PROTOTYPES = YES;
				CLANG_WARN_SUSPICIOUS_MOVE = YES;
				CLANG_WARN_UNGUARDED_AVAILABILITY = YES_AGGRESSIVE;
				CLANG_WARN_UNREACHABLE_CODE = YES;
				CLANG_WARN__DUPLICATE_METHOD_MATCH = YES;
				COPY_PHASE_STRIP = NO;
				DEBUG_INFORMATION_FORMAT = "dwarf-with-dsym";
				ENABLE_NS_ASSERTIONS = NO;
				ENABLE_STRICT_OBJC_MSGSEND = YES;
				GCC_C_LANGUAGE_STANDARD = gnu11;
				GCC_NO_COMMON_BLOCKS = YES;
				GCC_WARN_64_TO_32_BIT_CONVERSION = YES;
				GCC_WARN_ABOUT_RETURN_TYPE = YES_ERROR;
				GCC_WARN_UNDECLARED_SELECTOR = YES;
				GCC_WARN_UNINITIALIZED_AUTOS = YES_AGGRESSIVE;
				GCC_WARN_UNUSED_FUNCTION = YES;
				GCC_WARN_UNUSED_VARIABLE = YES;
				MACOSX_DEPLOYMENT_TARGET = 14.0;
				MTL_ENABLE_DEBUG_INFO = NO;
				MTL_FAST_MATH = YES;
				SDKROOT = macosx;
				SWIFT_COMPILATION_MODE = wholemodule;
				SWIFT_OPTIMIZATION_LEVEL = "-O";
			};
			name = Release;
		};
		69E61F2828F53D0500EF200B /* Debug */ = {
			isa = XCBuildConfiguration;
			buildSettings = {
				ASSETCATALOG_COMPILER_APPICON_NAME = AppIcon;
				ASSETCATALOG_COMPILER_GLOBAL_ACCENT_COLOR_NAME = AccentColor;
				ASSETCATALOG_COMPILER_INCLUDE_ALL_APPICON_ASSETS = YES;
				CODE_SIGN_ENTITLEMENTS = StreamDex/StreamDex.entitlements;
				CODE_SIGN_IDENTITY = "Apple Development";
				CODE_SIGN_STYLE = Automatic;
				COMBINE_HIDPI_IMAGES = YES;
				CURRENT_PROJECT_VERSION = 2;
				DEVELOPMENT_ASSET_PATHS = "\"StreamDex/Preview Content\"";
				DEVELOPMENT_TEAM = Q39P3W6Z54;
				ENABLE_PREVIEWS = YES;
				GENERATE_INFOPLIST_FILE = YES;
				INFOPLIST_FILE = StreamDex/Info.plist;
				INFOPLIST_KEY_LSApplicationCategoryType = "public.app-category.entertainment";
				INFOPLIST_KEY_NSHumanReadableCopyright = "";
				LD_RUNPATH_SEARCH_PATHS = (
					"$(inherited)",
					"@executable_path/../Frameworks",
				);
				MARKETING_VERSION = 1.0;
				PRODUCT_BUNDLE_IDENTIFIER = "com.paulkim.StreamDex-Dev";
				PRODUCT_NAME = "$(TARGET_NAME)";
				PROVISIONING_PROFILE_SPECIFIER = "";
				SWIFT_EMIT_LOC_STRINGS = YES;
				SWIFT_VERSION = 5.0;
			};
			name = Debug;
		};
		69E61F2928F53D0500EF200B /* Release */ = {
			isa = XCBuildConfiguration;
			buildSettings = {
				ASSETCATALOG_COMPILER_APPICON_NAME = AppIcon;
				ASSETCATALOG_COMPILER_GLOBAL_ACCENT_COLOR_NAME = AccentColor;
				ASSETCATALOG_COMPILER_INCLUDE_ALL_APPICON_ASSETS = YES;
				CODE_SIGN_ENTITLEMENTS = StreamDex/StreamDex.entitlements;
				CODE_SIGN_IDENTITY = "Apple Development";
				CODE_SIGN_STYLE = Automatic;
				COMBINE_HIDPI_IMAGES = YES;
				CURRENT_PROJECT_VERSION = 2;
				DEVELOPMENT_ASSET_PATHS = "\"StreamDex/Preview Content\"";
				DEVELOPMENT_TEAM = Q39P3W6Z54;
				ENABLE_PREVIEWS = YES;
				GENERATE_INFOPLIST_FILE = YES;
				INFOPLIST_FILE = StreamDex/Info.plist;
				INFOPLIST_KEY_LSApplicationCategoryType = "public.app-category.entertainment";
				INFOPLIST_KEY_NSHumanReadableCopyright = "";
				LD_RUNPATH_SEARCH_PATHS = (
					"$(inherited)",
					"@executable_path/../Frameworks",
				);
				MARKETING_VERSION = 1.0;
				PRODUCT_BUNDLE_IDENTIFIER = "com.paulkim.StreamDex-Dev";
				PRODUCT_NAME = "$(TARGET_NAME)";
				PROVISIONING_PROFILE_SPECIFIER = "";
				SWIFT_EMIT_LOC_STRINGS = YES;
				SWIFT_VERSION = 5.0;
			};
			name = Release;
		};
		69E61F2B28F53D0500EF200B /* Debug */ = {
			isa = XCBuildConfiguration;
			buildSettings = {
				ALWAYS_EMBED_SWIFT_STANDARD_LIBRARIES = YES;
				BUNDLE_LOADER = "$(TEST_HOST)";
				CODE_SIGN_STYLE = Automatic;
				CURRENT_PROJECT_VERSION = 1;
				GENERATE_INFOPLIST_FILE = YES;
				MACOSX_DEPLOYMENT_TARGET = 14.0;
				MARKETING_VERSION = 1.0;
				PRODUCT_BUNDLE_IDENTIFIER = com.paulkim.StreamDexTests;
				PRODUCT_NAME = "$(TARGET_NAME)";
				SWIFT_EMIT_LOC_STRINGS = NO;
				SWIFT_VERSION = 5.0;
				TEST_HOST = "$(BUILT_PRODUCTS_DIR)/StreamDex.app/$(BUNDLE_EXECUTABLE_FOLDER_PATH)/StreamDex";
			};
			name = Debug;
		};
		69E61F2C28F53D0500EF200B /* Release */ = {
			isa = XCBuildConfiguration;
			buildSettings = {
				ALWAYS_EMBED_SWIFT_STANDARD_LIBRARIES = YES;
				BUNDLE_LOADER = "$(TEST_HOST)";
				CODE_SIGN_STYLE = Automatic;
				CURRENT_PROJECT_VERSION = 1;
				GENERATE_INFOPLIST_FILE = YES;
				MACOSX_DEPLOYMENT_TARGET = 14.0;
				MARKETING_VERSION = 1.0;
				PRODUCT_BUNDLE_IDENTIFIER = com.paulkim.StreamDexTests;
				PRODUCT_NAME = "$(TARGET_NAME)";
				SWIFT_EMIT_LOC_STRINGS = NO;
				SWIFT_VERSION = 5.0;
				TEST_HOST = "$(BUILT_PRODUCTS_DIR)/StreamDex.app/$(BUNDLE_EXECUTABLE_FOLDER_PATH)/StreamDex";
			};
			name = Release;
		};
		69E61F2E28F53D0500EF200B /* Debug */ = {
			isa = XCBuildConfiguration;
			buildSettings = {
				ALWAYS_EMBED_SWIFT_STANDARD_LIBRARIES = YES;
				CODE_SIGN_STYLE = Automatic;
				CURRENT_PROJECT_VERSION = 1;
				GENERATE_INFOPLIST_FILE = YES;
				MARKETING_VERSION = 1.0;
				PRODUCT_BUNDLE_IDENTIFIER = com.paulkim.StreamDexUITests;
				PRODUCT_NAME = "$(TARGET_NAME)";
				SWIFT_EMIT_LOC_STRINGS = NO;
				SWIFT_VERSION = 5.0;
				TEST_TARGET_NAME = StreamDex;
			};
			name = Debug;
		};
		69E61F2F28F53D0500EF200B /* Release */ = {
			isa = XCBuildConfiguration;
			buildSettings = {
				ALWAYS_EMBED_SWIFT_STANDARD_LIBRARIES = YES;
				CODE_SIGN_STYLE = Automatic;
				CURRENT_PROJECT_VERSION = 1;
				GENERATE_INFOPLIST_FILE = YES;
				MARKETING_VERSION = 1.0;
				PRODUCT_BUNDLE_IDENTIFIER = com.paulkim.StreamDexUITests;
				PRODUCT_NAME = "$(TARGET_NAME)";
				SWIFT_EMIT_LOC_STRINGS = NO;
				SWIFT_VERSION = 5.0;
				TEST_TARGET_NAME = StreamDex;
			};
			name = Release;
		};
		69E61F5228F5E2B100EF200B /* Debug */ = {
			isa = XCBuildConfiguration;
			buildSettings = {
				ASSETCATALOG_COMPILER_APPICON_NAME = AppIcon;
				ASSETCATALOG_COMPILER_GLOBAL_ACCENT_COLOR_NAME = AccentColor;
				ASSETCATALOG_COMPILER_INCLUDE_ALL_APPICON_ASSETS = YES;
				CODE_SIGN_ENTITLEMENTS = StreamDex/StreamDex.entitlements;
				"CODE_SIGN_IDENTITY[sdk=macosx*]" = "Apple Development";
				CODE_SIGN_STYLE = Automatic;
				COMBINE_HIDPI_IMAGES = YES;
				CURRENT_PROJECT_VERSION = 1;
				DEVELOPMENT_ASSET_PATHS = "\"StreamDex/Preview Content\"";
				DEVELOPMENT_TEAM = Q39P3W6Z54;
				ENABLE_PREVIEWS = YES;
				GENERATE_INFOPLIST_FILE = YES;
				INFOPLIST_FILE = "StreamDex-Dev-Info.plist";
				INFOPLIST_KEY_NSHumanReadableCopyright = "";
				LD_RUNPATH_SEARCH_PATHS = (
					"$(inherited)",
					"@executable_path/../Frameworks",
				);
				MARKETING_VERSION = 1.0;
				PRODUCT_BUNDLE_IDENTIFIER = "com.paulkim.StreamDex-Dev";
				PRODUCT_NAME = "$(TARGET_NAME)";
				SWIFT_EMIT_LOC_STRINGS = YES;
				SWIFT_VERSION = 5.0;
			};
			name = Debug;
		};
		69E61F5328F5E2B100EF200B /* Release */ = {
			isa = XCBuildConfiguration;
			buildSettings = {
				ASSETCATALOG_COMPILER_APPICON_NAME = AppIcon;
				ASSETCATALOG_COMPILER_GLOBAL_ACCENT_COLOR_NAME = AccentColor;
				ASSETCATALOG_COMPILER_INCLUDE_ALL_APPICON_ASSETS = YES;
				CODE_SIGN_ENTITLEMENTS = StreamDex/StreamDex.entitlements;
				"CODE_SIGN_IDENTITY[sdk=macosx*]" = "Apple Development";
				CODE_SIGN_STYLE = Automatic;
				COMBINE_HIDPI_IMAGES = YES;
				CURRENT_PROJECT_VERSION = 1;
				DEVELOPMENT_ASSET_PATHS = "\"StreamDex/Preview Content\"";
				DEVELOPMENT_TEAM = Q39P3W6Z54;
				ENABLE_PREVIEWS = YES;
				GENERATE_INFOPLIST_FILE = YES;
				INFOPLIST_FILE = "StreamDex-Dev-Info.plist";
				INFOPLIST_KEY_NSHumanReadableCopyright = "";
				LD_RUNPATH_SEARCH_PATHS = (
					"$(inherited)",
					"@executable_path/../Frameworks",
				);
				MARKETING_VERSION = 1.0;
				PRODUCT_BUNDLE_IDENTIFIER = "com.paulkim.StreamDex-Dev";
				PRODUCT_NAME = "$(TARGET_NAME)";
				SWIFT_EMIT_LOC_STRINGS = YES;
				SWIFT_VERSION = 5.0;
			};
			name = Release;
		};
		DA2BC1252C4A2D5500B6E30C /* Debug */ = {
			isa = XCBuildConfiguration;
			buildSettings = {
				ASSETCATALOG_COMPILER_APPICON_NAME = AppIcon;
				ASSETCATALOG_COMPILER_GLOBAL_ACCENT_COLOR_NAME = AccentColor;
				ASSETCATALOG_COMPILER_INCLUDE_ALL_APPICON_ASSETS = YES;
				CODE_SIGN_ENTITLEMENTS = StreamDex/StreamDex.entitlements;
				CODE_SIGN_IDENTITY = "Apple Development";
				"CODE_SIGN_IDENTITY[sdk=macosx*]" = "Apple Development";
				CODE_SIGN_STYLE = Automatic;
				COMBINE_HIDPI_IMAGES = YES;
				CURRENT_PROJECT_VERSION = 2;
				DEVELOPMENT_ASSET_PATHS = "\"StreamDex/Preview Content\"";
				DEVELOPMENT_TEAM = Q39P3W6Z54;
				ENABLE_PREVIEWS = YES;
				GENERATE_INFOPLIST_FILE = YES;
				INFOPLIST_FILE = "StreamDex copy-Info.plist";
				INFOPLIST_KEY_LSApplicationCategoryType = "public.app-category.entertainment";
				INFOPLIST_KEY_NSHumanReadableCopyright = "";
				LD_RUNPATH_SEARCH_PATHS = (
					"$(inherited)",
					"@executable_path/../Frameworks",
				);
				MARKETING_VERSION = 1.0;
				PRODUCT_BUNDLE_IDENTIFIER = "com.paulkim.StreamDex-Dev";
				PRODUCT_NAME = "$(TARGET_NAME)";
				PROVISIONING_PROFILE_SPECIFIER = "";
				SWIFT_EMIT_LOC_STRINGS = YES;
				SWIFT_VERSION = 5.0;
			};
			name = Debug;
		};
		DA2BC1262C4A2D5500B6E30C /* Release */ = {
			isa = XCBuildConfiguration;
			buildSettings = {
				ASSETCATALOG_COMPILER_APPICON_NAME = AppIcon;
				ASSETCATALOG_COMPILER_GLOBAL_ACCENT_COLOR_NAME = AccentColor;
				ASSETCATALOG_COMPILER_INCLUDE_ALL_APPICON_ASSETS = YES;
				CODE_SIGN_ENTITLEMENTS = StreamDex/StreamDex.entitlements;
				CODE_SIGN_IDENTITY = "Apple Development";
				"CODE_SIGN_IDENTITY[sdk=macosx*]" = "Apple Development";
				CODE_SIGN_STYLE = Automatic;
				COMBINE_HIDPI_IMAGES = YES;
				CURRENT_PROJECT_VERSION = 2;
				DEVELOPMENT_ASSET_PATHS = "\"StreamDex/Preview Content\"";
				DEVELOPMENT_TEAM = Q39P3W6Z54;
				ENABLE_PREVIEWS = YES;
				GENERATE_INFOPLIST_FILE = YES;
				INFOPLIST_FILE = "StreamDex copy-Info.plist";
				INFOPLIST_KEY_LSApplicationCategoryType = "public.app-category.entertainment";
				INFOPLIST_KEY_NSHumanReadableCopyright = "";
				LD_RUNPATH_SEARCH_PATHS = (
					"$(inherited)",
					"@executable_path/../Frameworks",
				);
				MARKETING_VERSION = 1.0;
				PRODUCT_BUNDLE_IDENTIFIER = "com.paulkim.StreamDex-Dev";
				PRODUCT_NAME = "$(TARGET_NAME)";
				PROVISIONING_PROFILE_SPECIFIER = "";
				SWIFT_EMIT_LOC_STRINGS = YES;
				SWIFT_VERSION = 5.0;
			};
			name = Release;
		};
/* End XCBuildConfiguration section */

/* Begin XCConfigurationList section */
		69E61EFD28F53D0400EF200B /* Build configuration list for PBXProject "StreamDex" */ = {
			isa = XCConfigurationList;
			buildConfigurations = (
				69E61F2528F53D0500EF200B /* Debug */,
				69E61F2628F53D0500EF200B /* Release */,
			);
			defaultConfigurationIsVisible = 0;
			defaultConfigurationName = Release;
		};
		69E61F2728F53D0500EF200B /* Build configuration list for PBXNativeTarget "StreamDex" */ = {
			isa = XCConfigurationList;
			buildConfigurations = (
				69E61F2828F53D0500EF200B /* Debug */,
				69E61F2928F53D0500EF200B /* Release */,
			);
			defaultConfigurationIsVisible = 0;
			defaultConfigurationName = Release;
		};
		69E61F2A28F53D0500EF200B /* Build configuration list for PBXNativeTarget "StreamDexTests" */ = {
			isa = XCConfigurationList;
			buildConfigurations = (
				69E61F2B28F53D0500EF200B /* Debug */,
				69E61F2C28F53D0500EF200B /* Release */,
			);
			defaultConfigurationIsVisible = 0;
			defaultConfigurationName = Release;
		};
		69E61F2D28F53D0500EF200B /* Build configuration list for PBXNativeTarget "StreamDexUITests" */ = {
			isa = XCConfigurationList;
			buildConfigurations = (
				69E61F2E28F53D0500EF200B /* Debug */,
				69E61F2F28F53D0500EF200B /* Release */,
			);
			defaultConfigurationIsVisible = 0;
			defaultConfigurationName = Release;
		};
		69E61F5128F5E2B100EF200B /* Build configuration list for PBXNativeTarget "StreamDex Dev" */ = {
			isa = XCConfigurationList;
			buildConfigurations = (
				69E61F5228F5E2B100EF200B /* Debug */,
				69E61F5328F5E2B100EF200B /* Release */,
			);
			defaultConfigurationIsVisible = 0;
			defaultConfigurationName = Release;
		};
		DA2BC1242C4A2D5500B6E30C /* Build configuration list for PBXNativeTarget "StreamDex copy" */ = {
			isa = XCConfigurationList;
			buildConfigurations = (
				DA2BC1252C4A2D5500B6E30C /* Debug */,
				DA2BC1262C4A2D5500B6E30C /* Release */,
			);
			defaultConfigurationIsVisible = 0;
			defaultConfigurationName = Release;
		};
/* End XCConfigurationList section */

/* Begin XCLocalSwiftPackageReference section */
		DA2BC1292C4B63A700B6E30C /* XCLocalSwiftPackageReference "../../StreamDex/Plugins/TwitchPlugin" */ = {
			isa = XCLocalSwiftPackageReference;
			relativePath = ../../StreamDex/Plugins/TwitchPlugin;
		};
		DA2BC12C2C4B63B400B6E30C /* XCLocalSwiftPackageReference "../../StreamDex/Plugins/YouTubePlugin" */ = {
			isa = XCLocalSwiftPackageReference;
			relativePath = ../../StreamDex/Plugins/YouTubePlugin;
		};
		DA2BC12F2C4B63CA00B6E30C /* XCLocalSwiftPackageReference "../../StreamDex/SharedModule" */ = {
			isa = XCLocalSwiftPackageReference;
			relativePath = ../../StreamDex/SharedModule;
		};
/* End XCLocalSwiftPackageReference section */

/* Begin XCRemoteSwiftPackageReference section */
		695CAF0F294050C7003B0B76 /* XCRemoteSwiftPackageReference "url-image" */ = {
			isa = XCRemoteSwiftPackageReference;
			repositoryURL = "https://github.com/dmytro-anokhin/url-image";
			requirement = {
				kind = upToNextMajorVersion;
				minimumVersion = 3.0.0;
			};
		};
		DA2BC0F62C4A2D5500B6E30C /* XCRemoteSwiftPackageReference "url-image" */ = {
			isa = XCRemoteSwiftPackageReference;
			repositoryURL = "https://github.com/dmytro-anokhin/url-image";
			requirement = {
				kind = upToNextMajorVersion;
				minimumVersion = 3.0.0;
			};
		};
		DA2BC0FC2C4A2D5500B6E30C /* XCRemoteSwiftPackageReference "swift-log" */ = {
			isa = XCRemoteSwiftPackageReference;
			repositoryURL = "https://github.com/apple/swift-log.git";
			requirement = {
				kind = upToNextMajorVersion;
				minimumVersion = 1.6.1;
			};
		};
/* End XCRemoteSwiftPackageReference section */

/* Begin XCSwiftPackageProductDependency section */
		695CAF10294050C7003B0B76 /* URLImage */ = {
			isa = XCSwiftPackageProductDependency;
			package = 695CAF0F294050C7003B0B76 /* XCRemoteSwiftPackageReference "url-image" */;
			productName = URLImage;
		};
		695CAF12294050C7003B0B76 /* URLImageStore */ = {
			isa = XCSwiftPackageProductDependency;
			package = 695CAF0F294050C7003B0B76 /* XCRemoteSwiftPackageReference "url-image" */;
			productName = URLImageStore;
		};
		695CAF14294051A8003B0B76 /* URLImage */ = {
			isa = XCSwiftPackageProductDependency;
			package = 695CAF0F294050C7003B0B76 /* XCRemoteSwiftPackageReference "url-image" */;
			productName = URLImage;
		};
		695CAF16294051A8003B0B76 /* URLImageStore */ = {
			isa = XCSwiftPackageProductDependency;
			package = 695CAF0F294050C7003B0B76 /* XCRemoteSwiftPackageReference "url-image" */;
			productName = URLImageStore;
		};
		DA2BC0DD2C474C8100B6E30C /* SharedModule */ = {
			isa = XCSwiftPackageProductDependency;
			productName = SharedModule;
		};
		DA2BC0E02C474D5B00B6E30C /* YouTubePlugin */ = {
			isa = XCSwiftPackageProductDependency;
			productName = YouTubePlugin;
		};
		DA2BC0E32C474D8000B6E30C /* TwitchPlugin */ = {
			isa = XCSwiftPackageProductDependency;
			productName = TwitchPlugin;
		};
		DA2BC0F52C4A2D5500B6E30C /* URLImage */ = {
			isa = XCSwiftPackageProductDependency;
			package = DA2BC0F62C4A2D5500B6E30C /* XCRemoteSwiftPackageReference "url-image" */;
			productName = URLImage;
		};
		DA2BC0F72C4A2D5500B6E30C /* URLImageStore */ = {
			isa = XCSwiftPackageProductDependency;
			package = DA2BC0F62C4A2D5500B6E30C /* XCRemoteSwiftPackageReference "url-image" */;
			productName = URLImageStore;
		};
		DA2BC0F82C4A2D5500B6E30C /* SharedModule */ = {
			isa = XCSwiftPackageProductDependency;
			productName = SharedModule;
		};
		DA2BC0F92C4A2D5500B6E30C /* YouTubePlugin */ = {
			isa = XCSwiftPackageProductDependency;
			productName = YouTubePlugin;
		};
		DA2BC0FA2C4A2D5500B6E30C /* TwitchPlugin */ = {
			isa = XCSwiftPackageProductDependency;
			productName = TwitchPlugin;
		};
		DA2BC0FB2C4A2D5500B6E30C /* Logging */ = {
			isa = XCSwiftPackageProductDependency;
			package = DA2BC0FC2C4A2D5500B6E30C /* XCRemoteSwiftPackageReference "swift-log" */;
			productName = Logging;
		};
		DA2BC12A2C4B63A700B6E30C /* TwitchPlugin */ = {
			isa = XCSwiftPackageProductDependency;
			productName = TwitchPlugin;
		};
		DA2BC12D2C4B63B400B6E30C /* YouTubePlugin */ = {
			isa = XCSwiftPackageProductDependency;
			productName = YouTubePlugin;
		};
		DA2BC1302C4B63CA00B6E30C /* SharedModule */ = {
			isa = XCSwiftPackageProductDependency;
			productName = SharedModule;
		};
/* End XCSwiftPackageProductDependency section */
	};
	rootObject = 69E61EFA28F53D0400EF200B /* Project object */;
}
